
Microsoft Visual Studio Solution File, Format Version 11.00
# Visual Studio 2010
Project("{FAE04EC0-301F-11D3-BF4B-00C04F79EFBC}") = "RedWoods", "Assembly-CSharp-firstpass.csproj", "{5A899B74-8793-7DC1-2A58-5B45C8B8B7AA}"
EndProject
Project("{FAE04EC0-301F-11D3-BF4B-00C04F79EFBC}") = "RedWoods", "Assembly-CSharp.csproj", "{DD2C2B89-D185-5F10-FCBC-8AA84369EC8E}"
EndProject
Project("{FAE04EC0-301F-11D3-BF4B-00C04F79EFBC}") = "RedWoods", "Assembly-CSharp-Editor-firstpass.csproj", "{4F278655-032E-28F1-38BF-F486273F6FF7}"
EndProject
Global
	GlobalSection(SolutionConfigurationPlatforms) = preSolution
		Debug|Any CPU = Debug|Any CPU
		Release|Any CPU = Release|Any CPU
	EndGlobalSection
	GlobalSection(ProjectConfigurationPlatforms) = postSolution
		{5A899B74-8793-7DC1-2A58-5B45C8B8B7AA}.Debug|Any CPU.ActiveCfg = Debug|Any CPU
		{5A899B74-8793-7DC1-2A58-5B45C8B8B7AA}.Debug|Any CPU.Build.0 = Debug|Any CPU
		{5A899B74-8793-7DC1-2A58-5B45C8B8B7AA}.Release|Any CPU.ActiveCfg = Release|Any CPU
		{5A899B74-8793-7DC1-2A58-5B45C8B8B7AA}.Release|Any CPU.Build.0 = Release|Any CPU
		{DD2C2B89-D185-5F10-FCBC-8AA84369EC8E}.Debug|Any CPU.ActiveCfg = Debug|Any CPU
		{DD2C2B89-D185-5F10-FCBC-8AA84369EC8E}.Debug|Any CPU.Build.0 = Debug|Any CPU
		{DD2C2B89-D185-5F10-FCBC-8AA84369EC8E}.Release|Any CPU.ActiveCfg = Release|Any CPU
		{DD2C2B89-D185-5F10-FCBC-8AA84369EC8E}.Release|Any CPU.Build.0 = Release|Any CPU
		{4F278655-032E-28F1-38BF-F486273F6FF7}.Debug|Any CPU.ActiveCfg = Debug|Any CPU
		{4F278655-032E-28F1-38BF-F486273F6FF7}.Debug|Any CPU.Build.0 = Debug|Any CPU
		{4F278655-032E-28F1-38BF-F486273F6FF7}.Release|Any CPU.ActiveCfg = Release|Any CPU
		{4F278655-032E-28F1-38BF-F486273F6FF7}.Release|Any CPU.Build.0 = Release|Any CPU
	EndGlobalSection
	GlobalSection(SolutionProperties) = preSolution
		HideSolutionNode = FALSE
	EndGlobalSection
	GlobalSection(MonoDevelopProperties) = preSolution
		StartupItem = Assembly-CSharp.csproj
	EndGlobalSection
EndGlobal
